
Microsoft Visual Studio Solution File, Format Version 12.00
# Visual Studio Version 17
VisualStudioVersion = 17.2.32630.192
MinimumVisualStudioVersion = 10.0.40219.1
Project("{FAE04EC0-301F-11D3-BF4B-00C04F79EFBC}") = "AutoEvent", "AutoEvent.csproj", "{3C3FC008-22E1-4B28-BA50-A241B30CC216}"
EndProject
Global
	GlobalSection(SolutionConfigurationPlatforms) = preSolution
		Debug|Any CPU = Debug|Any CPU
		Release|Any CPU = Release|Any CPU
	EndGlobalSection
	GlobalSection(ProjectConfigurationPlatforms) = postSolution
		{3C3FC008-22E1-4B28-BA50-A241B30CC216}.Debug|Any CPU.ActiveCfg = Debug|Any CPU
		{3C3FC008-22E1-4B28-BA50-A241B30CC216}.Debug|Any CPU.Build.0 = Debug|Any CPU
		{3C3FC008-22E1-4B28-BA50-A241B30CC216}.Release|Any CPU.ActiveCfg = Release|Any CPU
		{3C3FC008-22E1-4B28-BA50-A241B30CC216}.Release|Any CPU.Build.0 = Release|Any CPU
	EndGlobalSection
	GlobalSection(SolutionProperties) = preSolution
		HideSolutionNode = FALSE
	EndGlobalSection
	GlobalSection(ExtensibilityGlobals) = postSolution
		SolutionGuid = {E70B54D9-6F5D-4EBE-9DDE-BC528ACF3BFF}
	EndGlobalSection
EndGlobal
